
Microsoft Visual Studio Solution File, Format Version 12.00
# Visual Studio 2017
Project("{FAE04EC0-301F-11D3-BF4B-00C04F79EFBC}") = "DemoInUnity", "DemoInUnity.csproj", "{11B1289D-BB2C-DE3B-595C-F7AA85F2BAF1}"
EndProject
Global
	GlobalSection(SolutionConfigurationPlatforms) = preSolution
		Debug|Any CPU = Debug|Any CPU
		Release|Any CPU = Release|Any CPU
	EndGlobalSection
	GlobalSection(ProjectConfigurationPlatforms) = postSolution
		{11B1289D-BB2C-DE3B-595C-F7AA85F2BAF1}.Debug|Any CPU.ActiveCfg = Debug|Any CPU
		{11B1289D-BB2C-DE3B-595C-F7AA85F2BAF1}.Debug|Any CPU.Build.0 = Debug|Any CPU
		{11B1289D-BB2C-DE3B-595C-F7AA85F2BAF1}.Release|Any CPU.ActiveCfg = Release|Any CPU
		{11B1289D-BB2C-DE3B-595C-F7AA85F2BAF1}.Release|Any CPU.Build.0 = Release|Any CPU
	EndGlobalSection
	GlobalSection(SolutionProperties) = preSolution
		HideSolutionNode = FALSE
	EndGlobalSection
EndGlobal
